<?xml version="1.0" encoding="utf-8"?>
<Project ToolsVersion="4.0" xmlns="http://schemas.microsoft.com/developer/msbuild/2003">
  <ItemGroup>
    <Filter Include="FreeGlut">
      <UniqueIdentifier>{809ab20d-2d0a-4f7e-a5df-3c29ae252e1e}</UniqueIdentifier>
    </Filter>
    <Filter Include="FreeGlut\Library">
      <UniqueIdentifier>{80e4d227-5f64-40ec-9043-9512b62a357f}</UniqueIdentifier>
    </Filter>
    <Filter Include="Rendering">
      <UniqueIdentifier>{ae90a798-768f-420d-a0ee-9656745d4990}</UniqueIdentifier>
    </Filter>
    <Filter Include="FreeGlut\Library\Release">
      <UniqueIdentifier>{d69de044-ba9f-46ed-8a8a-deea2f5f890c}</UniqueIdentifier>
    </Filter>
    <Filter Include="Engine">
      <UniqueIdentifier>{459c6ce1-619f-486e-9138-7d225f5c7ec5}</UniqueIdentifier>
    </Filter>
  </ItemGroup>
  <ItemGroup>
    <None Include="packages.config" />
    <None Include="..\packages\freeglut.redist.2.8.1.15\build\native\bin\v110\x64\Release\dynamic\freeglut.dll">
      <Filter>FreeGlut\Library\Release</Filter>
    </None>
  </ItemGroup>
  <ItemGroup>
    <ClInclude Include="..\packages\freeglut.2.8.1.15\build\native\include\GL\freeglut.h">
      <Filter>FreeGlut\Library</Filter>
    </ClInclude>
    <ClInclude Include="..\packages\freeglut.2.8.1.15\build\native\include\GL\freeglut_ext.h">
      <Filter>FreeGlut\Library</Filter>
    </ClInclude>
    <ClInclude Include="..\packages\freeglut.2.8.1.15\build\native\include\GL\freeglut_std.h">
      <Filter>FreeGlut\Library</Filter>
    </ClInclude>
    <ClInclude Include="..\packages\freeglut.2.8.1.15\build\native\include\GL\glut.h">
      <Filter>FreeGlut\Library</Filter>
    </ClInclude>
    <ClInclude Include="Color.h">
      <Filter>Rendering</Filter>
    </ClInclude>
    <ClInclude Include="Const.h" />
    <ClInclude Include="Window.h">
      <Filter>Rendering</Filter>
    </ClInclude>
    <ClInclude Include="Voxler.h">
      <Filter>Engine</Filter>
    </ClInclude>
    <ClInclude Include="Poxel.h">
      <Filter>Engine</Filter>
    </ClInclude>
  </ItemGroup>
  <ItemGroup>
    <ClCompile Include="Poxel.cpp" />
  </ItemGroup>
  <ItemGroup>
    <Library Include="..\packages\freeglut.2.8.1.15\build\native\lib\v110\x64\Release\dynamic\freeglut.lib">
      <Filter>FreeGlut\Library\Release</Filter>
    </Library>
    <Library Include="..\packages\freeglut.2.8.1.15\build\native\lib\v110\x64\Release\ltcg\freeglut.lib">
      <Filter>FreeGlut\Library\Release</Filter>
    </Library>
    <Library Include="..\packages\freeglut.2.8.1.15\build\native\lib\v110\x64\Release\static\freeglut.lib">
      <Filter>FreeGlut\Library\Release</Filter>
    </Library>
  </ItemGroup>
</Project>